// !$*UTF8*$!
{
	archiveVersion = 1;
	classes = {
	};
	objectVersion = 50;
	objects = {

/* Begin PBXBuildFile section */
		8B0606AE21AC48E800F6791D /* AppDelegate.swift in Sources */ = {isa = PBXBuildFile; fileRef = 8B0606AD21AC48E800F6791D /* AppDelegate.swift */; };
		8B0606B321AC48E800F6791D /* Main.storyboard in Resources */ = {isa = PBXBuildFile; fileRef = 8B0606B121AC48E800F6791D /* Main.storyboard */; };
		8B0606B521AC48EB00F6791D /* Assets.xcassets in Resources */ = {isa = PBXBuildFile; fileRef = 8B0606B421AC48EB00F6791D /* Assets.xcassets */; };
		8B0606B821AC48EB00F6791D /* LaunchScreen.storyboard in Resources */ = {isa = PBXBuildFile; fileRef = 8B0606B621AC48EB00F6791D /* LaunchScreen.storyboard */; };
		8B46869821B1864800545BB9 /* BucketItem.swift in Sources */ = {isa = PBXBuildFile; fileRef = 8B46869721B1864800545BB9 /* BucketItem.swift */; };
		8B46869A21B186D700545BB9 /* bucket18.csv in Resources */ = {isa = PBXBuildFile; fileRef = 8B46869921B186D700545BB9 /* bucket18.csv */; };
		8B46869C21B18DC100545BB9 /* DataViewController.swift in Sources */ = {isa = PBXBuildFile; fileRef = 8B46869B21B18DC100545BB9 /* DataViewController.swift */; };
		8B46869E21B18DF000545BB9 /* BucketItemCell.swift in Sources */ = {isa = PBXBuildFile; fileRef = 8B46869D21B18DF000545BB9 /* BucketItemCell.swift */; };
/* End PBXBuildFile section */

/* Begin PBXFileReference section */
		8B0606AA21AC48E700F6791D /* DataProject.app */ = {isa = PBXFileReference; explicitFileType = wrapper.application; includeInIndex = 0; path = DataProject.app; sourceTree = BUILT_PRODUCTS_DIR; };
		8B0606AD21AC48E800F6791D /* AppDelegate.swift */ = {isa = PBXFileReference; lastKnownFileType = sourcecode.swift; path = AppDelegate.swift; sourceTree = "<group>"; };
		8B0606B221AC48E800F6791D /* Base */ = {isa = PBXFileReference; lastKnownFileType = file.storyboard; name = Base; path = Base.lproj/Main.storyboard; sourceTree = "<group>"; };
		8B0606B421AC48EB00F6791D /* Assets.xcassets */ = {isa = PBXFileReference; lastKnownFileType = folder.assetcatalog; path = Assets.xcassets; sourceTree = "<group>"; };
		8B0606B721AC48EB00F6791D /* Base */ = {isa = PBXFileReference; lastKnownFileType = file.storyboard; name = Base; path = Base.lproj/LaunchScreen.storyboard; sourceTree = "<group>"; };
		8B0606B921AC48EB00F6791D /* Info.plist */ = {isa = PBXFileReference; lastKnownFileType = text.plist.xml; path = Info.plist; sourceTree = "<group>"; };
		8B46869721B1864800545BB9 /* BucketItem.swift */ = {isa = PBXFileReference; lastKnownFileType = sourcecode.swift; path = BucketItem.swift; sourceTree = "<group>"; };
		8B46869921B186D700545BB9 /* bucket18.csv */ = {isa = PBXFileReference; fileEncoding = 4; lastKnownFileType = text; path = bucket18.csv; sourceTree = "<group>"; };
		8B46869B21B18DC100545BB9 /* DataViewController.swift */ = {isa = PBXFileReference; lastKnownFileType = sourcecode.swift; path = DataViewController.swift; sourceTree = "<group>"; };
		8B46869D21B18DF000545BB9 /* BucketItemCell.swift */ = {isa = PBXFileReference; lastKnownFileType = sourcecode.swift; path = BucketItemCell.swift; sourceTree = "<group>"; };
/* End PBXFileReference section */

/* Begin PBXFrameworksBuildPhase section */
		8B0606A721AC48E700F6791D /* Frameworks */ = {
			isa = PBXFrameworksBuildPhase;
			buildActionMask = 2147483647;
			files = (
			);
			runOnlyForDeploymentPostprocessing = 0;
		};
/* End PBXFrameworksBuildPhase section */

/* Begin PBXGroup section */
		8B0606A121AC48E700F6791D = {
			isa = PBXGroup;
			children = (
				8B0606AC21AC48E700F6791D /* DataProject */,
				8B0606AB21AC48E700F6791D /* Products */,
			);
			sourceTree = "<group>";
		};
		8B0606AB21AC48E700F6791D /* Products */ = {
			isa = PBXGroup;
			children = (
				8B0606AA21AC48E700F6791D /* DataProject.app */,
			);
			name = Products;
			sourceTree = "<group>";
		};
		8B0606AC21AC48E700F6791D /* DataProject */ = {
			isa = PBXGroup;
			children = (
				8B0606C021AC494F00F6791D /* Model */,
				8B46869221B1850E00545BB9 /* Controller */,
				8B0606C121AC495C00F6791D /* Resources */,
				8B0606BF21AC493900F6791D /* View */,
			);
			path = DataProject;
			sourceTree = "<group>";
		};
		8B0606BF21AC493900F6791D /* View */ = {
			isa = PBXGroup;
			children = (
				8B0606B121AC48E800F6791D /* Main.storyboard */,
				8B0606B621AC48EB00F6791D /* LaunchScreen.storyboard */,
			);
			path = View;
			sourceTree = "<group>";
		};
		8B0606C021AC494F00F6791D /* Model */ = {
			isa = PBXGroup;
			children = (
				8B46869721B1864800545BB9 /* BucketItem.swift */,
			);
			path = Model;
			sourceTree = "<group>";
		};
		8B0606C121AC495C00F6791D /* Resources */ = {
			isa = PBXGroup;
			children = (
				8B46869921B186D700545BB9 /* bucket18.csv */,
				8B0606AD21AC48E800F6791D /* AppDelegate.swift */,
				8B0606B421AC48EB00F6791D /* Assets.xcassets */,
				8B0606B921AC48EB00F6791D /* Info.plist */,
			);
			path = Resources;
			sourceTree = "<group>";
		};
		8B46869221B1850E00545BB9 /* Controller */ = {
			isa = PBXGroup;
			children = (
				8B46869B21B18DC100545BB9 /* DataViewController.swift */,
				8B46869D21B18DF000545BB9 /* BucketItemCell.swift */,
			);
			path = Controller;
			sourceTree = "<group>";
		};
/* End PBXGroup section */

/* Begin PBXNativeTarget section */
		8B0606A921AC48E700F6791D /* DataProject */ = {
			isa = PBXNativeTarget;
			buildConfigurationList = 8B0606BC21AC48EB00F6791D /* Build configuration list for PBXNativeTarget "DataProject" */;
			buildPhases = (
				8B0606A621AC48E700F6791D /* Sources */,
				8B0606A721AC48E700F6791D /* Frameworks */,
				8B0606A821AC48E700F6791D /* Resources */,
			);
			buildRules = (
			);
			dependencies = (
			);
			name = DataProject;
			productName = DataProject;
			productReference = 8B0606AA21AC48E700F6791D /* DataProject.app */;
			productType = "com.apple.product-type.application";
		};
/* End PBXNativeTarget section */

/* Begin PBXProject section */
		8B0606A221AC48E700F6791D /* Project object */ = {
			isa = PBXProject;
			attributes = {
				LastSwiftUpdateCheck = 0940;
				LastUpgradeCheck = 0940;
				ORGANIZATIONNAME = CTEC;
				TargetAttributes = {
					8B0606A921AC48E700F6791D = {
						CreatedOnToolsVersion = 9.4.1;
						LastSwiftMigration = 1000;
					};
				};
			};
			buildConfigurationList = 8B0606A521AC48E700F6791D /* Build configuration list for PBXProject "DataProject" */;
			compatibilityVersion = "Xcode 9.3";
			developmentRegion = en;
			hasScannedForEncodings = 0;
			knownRegions = (
				en,
				Base,
			);
			mainGroup = 8B0606A121AC48E700F6791D;
			productRefGroup = 8B0606AB21AC48E700F6791D /* Products */;
			projectDirPath = "";
			projectRoot = "";
			targets = (
				8B0606A921AC48E700F6791D /* DataProject */,
			);
		};
/* End PBXProject section */

/* Begin PBXResourcesBuildPhase section */
		8B0606A821AC48E700F6791D /* Resources */ = {
			isa = PBXResourcesBuildPhase;
			buildActionMask = 2147483647;
			files = (
				8B0606B821AC48EB00F6791D /* LaunchScreen.storyboard in Resources */,
				8B46869A21B186D700545BB9 /* bucket18.csv in Resources */,
				8B0606B521AC48EB00F6791D /* Assets.xcassets in Resources */,
				8B0606B321AC48E800F6791D /* Main.storyboard in Resources */,
			);
			runOnlyForDeploymentPostprocessing = 0;
		};
/* End PBXResourcesBuildPhase section */

/* Begin PBXSourcesBuildPhase section */
		8B0606A621AC48E700F6791D /* Sources */ = {
			isa = PBXSourcesBuildPhase;
			buildActionMask = 2147483647;
			files = (
				8B46869E21B18DF000545BB9 /* BucketItemCell.swift in Sources */,
				8B46869821B1864800545BB9 /* BucketItem.swift in Sources */,
				8B46869C21B18DC100545BB9 /* DataViewController.swift in Sources */,
				8B0606AE21AC48E800F6791D /* AppDelegate.swift in Sources */,
			);
			runOnlyForDeploymentPostprocessing = 0;
		};
/* End PBXSourcesBuildPhase section */

/* Begin PBXVariantGroup section */
		8B0606B121AC48E800F6791D /* Main.storyboard */ = {
			isa = PBXVariantGroup;
			children = (
				8B0606B221AC48E800F6791D /* Base */,
			);
			name = Main.storyboard;
			sourceTree = "<group>";
		};
		8B0606B621AC48EB00F6791D /* LaunchScreen.storyboard */ = {
			isa = PBXVariantGroup;
			children = (
				8B0606B721AC48EB00F6791D /* Base */,
			);
			name = LaunchScreen.storyboard;
			sourceTree = "<group>";
		};
/* End PBXVariantGroup section */

/* Begin XCBuildConfiguration section */
		8B0606BA21AC48EB00F6791D /* Debug */ = {
			isa = XCBuildConfiguration;
			buildSettings = {
				ALWAYS_SEARCH_USER_PATHS = NO;
				CLANG_ANALYZER_NONNULL = YES;
				CLANG_ANALYZER_NUMBER_OBJECT_CONVERSION = YES_AGGRESSIVE;
				CLANG_CXX_LANGUAGE_STANDARD = "gnu++14";
				CLANG_CXX_LIBRARY = "libc++";
				CLANG_ENABLE_MODULES = YES;
				CLANG_ENABLE_OBJC_ARC = YES;
				CLANG_ENABLE_OBJC_WEAK = YES;
				CLANG_WARN_BLOCK_CAPTURE_AUTORELEASING = YES;
				CLANG_WARN_BOOL_CONVERSION = YES;
				CLANG_WARN_COMMA = YES;
				CLANG_WARN_CONSTANT_CONVERSION = YES;
				CLANG_WARN_DEPRECATED_OBJC_IMPLEMENTATIONS = YES;
				CLANG_WARN_DIRECT_OBJC_ISA_USAGE = YES_ERROR;
				CLANG_WARN_DOCUMENTATION_COMMENTS = YES;
				CLANG_WARN_EMPTY_BODY = YES;
				CLANG_WARN_ENUM_CONVERSION = YES;
				CLANG_WARN_INFINITE_RECURSION = YES;
				CLANG_WARN_INT_CONVERSION = YES;
				CLANG_WARN_NON_LITERAL_NULL_CONVERSION = YES;
				CLANG_WARN_OBJC_IMPLICIT_RETAIN_SELF = YES;
				CLANG_WARN_OBJC_LITERAL_CONVERSION = YES;
				CLANG_WARN_OBJC_ROOT_CLASS = YES_ERROR;
				CLANG_WARN_RANGE_LOOP_ANALYSIS = YES;
				CLANG_WARN_STRICT_PROTOTYPES = YES;
				CLANG_WARN_SUSPICIOUS_MOVE = YES;
				CLANG_WARN_UNGUARDED_AVAILABILITY = YES_AGGRESSIVE;
				CLANG_WARN_UNREACHABLE_CODE = YES;
				CLANG_WARN__DUPLICATE_METHOD_MATCH = YES;
				CODE_SIGN_IDENTITY = "iPhone Developer";
				COPY_PHASE_STRIP = NO;
				DEBUG_INFORMATION_FORMAT = dwarf;
				ENABLE_STRICT_OBJC_MSGSEND = YES;
				ENABLE_TESTABILITY = YES;
				GCC_C_LANGUAGE_STANDARD = gnu11;
				GCC_DYNAMIC_NO_PIC = NO;
				GCC_NO_COMMON_BLOCKS = YES;
				GCC_OPTIMIZATION_LEVEL = 0;
				GCC_PREPROCESSOR_DEFINITIONS = (
					"DEBUG=1",
					"$(inherited)",
				);
				GCC_WARN_64_TO_32_BIT_CONVERSION = YES;
				GCC_WARN_ABOUT_RETURN_TYPE = YES_ERROR;
				GCC_WARN_UNDECLARED_SELECTOR = YES;
				GCC_WARN_UNINITIALIZED_AUTOS = YES_AGGRESSIVE;
				GCC_WARN_UNUSED_FUNCTION = YES;
				GCC_WARN_UNUSED_VARIABLE = YES;
				IPHONEOS_DEPLOYMENT_TARGET = 11.4;
				MTL_ENABLE_DEBUG_INFO = YES;
				ONLY_ACTIVE_ARCH = YES;
				SDKROOT = iphoneos;
				SWIFT_ACTIVE_COMPILATION_CONDITIONS = DEBUG;
				SWIFT_OPTIMIZATION_LEVEL = "-Onone";
			};
			name = Debug;
		};
		8B0606BB21AC48EB00F6791D /* Release */ = {
			isa = XCBuildConfiguration;
			buildSettings = {
				ALWAYS_SEARCH_USER_PATHS = NO;
				CLANG_ANALYZER_NONNULL = YES;
				CLANG_ANALYZER_NUMBER_OBJECT_CONVERSION = YES_AGGRESSIVE;
				CLANG_CXX_LANGUAGE_STANDARD = "gnu++14";
				CLANG_CXX_LIBRARY = "libc++";
				CLANG_ENABLE_MODULES = YES;
				CLANG_ENABLE_OBJC_ARC = YES;
				CLANG_ENABLE_OBJC_WEAK = YES;
				CLANG_WARN_BLOCK_CAPTURE_AUTORELEASING = YES;
				CLANG_WARN_BOOL_CONVERSION = YES;
				CLANG_WARN_COMMA = YES;
				CLANG_WARN_CONSTANT_CONVERSION = YES;
				CLANG_WARN_DEPRECATED_OBJC_IMPLEMENTATIONS = YES;
				CLANG_WARN_DIRECT_OBJC_ISA_USAGE = YES_ERROR;
				CLANG_WARN_DOCUMENTATION_COMMENTS = YES;
				CLANG_WARN_EMPTY_BODY = YES;
				CLANG_WARN_ENUM_CONVERSION = YES;
				CLANG_WARN_INFINITE_RECURSION = YES;
				CLANG_WARN_INT_CONVERSION = YES;
				CLANG_WARN_NON_LITERAL_NULL_CONVERSION = YES;
				CLANG_WARN_OBJC_IMPLICIT_RETAIN_SELF = YES;
				CLANG_WARN_OBJC_LITERAL_CONVERSION = YES;
				CLANG_WARN_OBJC_ROOT_CLASS = YES_ERROR;
				CLANG_WARN_RANGE_LOOP_ANALYSIS = YES;
				CLANG_WARN_STRICT_PROTOTYPES = YES;
				CLANG_WARN_SUSPICIOUS_MOVE = YES;
				CLANG_WARN_UNGUARDED_AVAILABILITY = YES_AGGRESSIVE;
				CLANG_WARN_UNREACHABLE_CODE = YES;
				CLANG_WARN__DUPLICATE_METHOD_MATCH = YES;
				CODE_SIGN_IDENTITY = "iPhone Developer";
				COPY_PHASE_STRIP = NO;
				DEBUG_INFORMATION_FORMAT = "dwarf-with-dsym";
				ENABLE_NS_ASSERTIONS = NO;
				ENABLE_STRICT_OBJC_MSGSEND = YES;
				GCC_C_LANGUAGE_STANDARD = gnu11;
				GCC_NO_COMMON_BLOCKS = YES;
				GCC_WARN_64_TO_32_BIT_CONVERSION = YES;
				GCC_WARN_ABOUT_RETURN_TYPE = YES_ERROR;
				GCC_WARN_UNDECLARED_SELECTOR = YES;
				GCC_WARN_UNINITIALIZED_AUTOS = YES_AGGRESSIVE;
				GCC_WARN_UNUSED_FUNCTION = YES;
				GCC_WARN_UNUSED_VARIABLE = YES;
				IPHONEOS_DEPLOYMENT_TARGET = 11.4;
				MTL_ENABLE_DEBUG_INFO = NO;
				SDKROOT = iphoneos;
				SWIFT_COMPILATION_MODE = wholemodule;
				SWIFT_OPTIMIZATION_LEVEL = "-O";
				VALIDATE_PRODUCT = YES;
			};
			name = Release;
		};
		8B0606BD21AC48EB00F6791D /* Debug */ = {
			isa = XCBuildConfiguration;
			buildSettings = {
				ASSETCATALOG_COMPILER_APPICON_NAME = AppIcon;
				CODE_SIGN_STYLE = Automatic;
				INFOPLIST_FILE = "$(SRCROOT)/DataProject/Resources/Info.plist";
				LD_RUNPATH_SEARCH_PATHS = (
					"$(inherited)",
					"@executable_path/Frameworks",
				);
				PRODUCT_BUNDLE_IDENTIFIER = CTEC.DataProject;
				PRODUCT_NAME = "$(TARGET_NAME)";
				SWIFT_VERSION = 4.2;
				TARGETED_DEVICE_FAMILY = "1,2";
			};
			name = Debug;
		};
		8B0606BE21AC48EB00F6791D /* Release */ = {
			isa = XCBuildConfiguration;
			buildSettings = {
				ASSETCATALOG_COMPILER_APPICON_NAME = AppIcon;
				CODE_SIGN_STYLE = Automatic;
				INFOPLIST_FILE = "$(SRCROOT)/DataProject/Resources/Info.plist";
				LD_RUNPATH_SEARCH_PATHS = (
					"$(inherited)",
					"@executable_path/Frameworks",
				);
				PRODUCT_BUNDLE_IDENTIFIER = CTEC.DataProject;
				PRODUCT_NAME = "$(TARGET_NAME)";
				SWIFT_VERSION = 4.2;
				TARGETED_DEVICE_FAMILY = "1,2";
			};
			name = Release;
		};
/* End XCBuildConfiguration section */

/* Begin XCConfigurationList section */
		8B0606A521AC48E700F6791D /* Build configuration list for PBXProject "DataProject" */ = {
			isa = XCConfigurationList;
			buildConfigurations = (
				8B0606BA21AC48EB00F6791D /* Debug */,
				8B0606BB21AC48EB00F6791D /* Release */,
			);
			defaultConfigurationIsVisible = 0;
			defaultConfigurationName = Release;
		};
		8B0606BC21AC48EB00F6791D /* Build configuration list for PBXNativeTarget "DataProject" */ = {
			isa = XCConfigurationList;
			buildConfigurations = (
				8B0606BD21AC48EB00F6791D /* Debug */,
				8B0606BE21AC48EB00F6791D /* Release */,
			);
			defaultConfigurationIsVisible = 0;
			defaultConfigurationName = Release;
		};
/* End XCConfigurationList section */
	};
	rootObject = 8B0606A221AC48E700F6791D /* Project object */;
}
